{
  "name": "faster-repository",
  "version": "0.1.0",
  "lockfileVersion": 1,
  "requires": true,
  "dependencies": {
    "sudo-prompt": {
      "version": "9.1.1",
      "resolved": "https://registry.npm.taobao.org/sudo-prompt/download/sudo-prompt-9.1.1.tgz",
      "integrity": "sha1-c4U9cpdwOSyuwCniRw25wiF1TbA="
    }
  }
}
